
Microsoft Visual Studio Solution File, Format Version 12.00
# Visual Studio Version 17
VisualStudioVersion = 17.1.32210.238
MinimumVisualStudioVersion = 10.0.40219.1
Project("{FAE04EC0-301F-11D3-BF4B-00C04F79EFBC}") = "Ch2Task1", "Ch2Task1\Ch2Task1.csproj", "{1DF74BBA-F2A5-4FE4-8B75-B67AA5C7F2A5}"
EndProject
Project("{FAE04EC0-301F-11D3-BF4B-00C04F79EFBC}") = "ClassLibrary", "ClassLibrary\ClassLibrary.csproj", "{9364D7A5-450C-4B76-923A-6418B24A61FD}"
EndProject
Project("{FAE04EC0-301F-11D3-BF4B-00C04F79EFBC}") = "Ch2Task2", "Ch2Task2\Ch2Task2.csproj", "{F9395421-1DF7-481E-826E-38A1C0999B20}"
EndProject
Project("{FAE04EC0-301F-11D3-BF4B-00C04F79EFBC}") = "Ch2Task3", "Ch2Task3\Ch2Task3.csproj", "{C1F7B831-11F7-4813-8172-3032AB9A17CE}"
EndProject
Project("{FAE04EC0-301F-11D3-BF4B-00C04F79EFBC}") = "Ch2Task4", "Ch2Task4\Ch2Task4.csproj", "{F889000B-6C02-49D4-9E3D-F364C00B68C2}"
EndProject
Project("{FAE04EC0-301F-11D3-BF4B-00C04F79EFBC}") = "Ch2Task5", "Ch2Task5\Ch2Task5.csproj", "{1AAB9AED-6A53-4379-B797-A1F287E4E854}"
EndProject
Project("{FAE04EC0-301F-11D3-BF4B-00C04F79EFBC}") = "Ch2Task6", "Ch2Task6\Ch2Task6.csproj", "{BEF566BC-1591-4823-92E2-1CF19B06706D}"
EndProject
Project("{FAE04EC0-301F-11D3-BF4B-00C04F79EFBC}") = "Ch2Task7", "Ch2Task7\Ch2Task7.csproj", "{CA36CD23-E50F-4DD0-BB37-A425CC22BAE9}"
EndProject
Global
	GlobalSection(SolutionConfigurationPlatforms) = preSolution
		Debug|Any CPU = Debug|Any CPU
		Release|Any CPU = Release|Any CPU
	EndGlobalSection
	GlobalSection(ProjectConfigurationPlatforms) = postSolution
		{1DF74BBA-F2A5-4FE4-8B75-B67AA5C7F2A5}.Debug|Any CPU.ActiveCfg = Debug|Any CPU
		{1DF74BBA-F2A5-4FE4-8B75-B67AA5C7F2A5}.Debug|Any CPU.Build.0 = Debug|Any CPU
		{1DF74BBA-F2A5-4FE4-8B75-B67AA5C7F2A5}.Release|Any CPU.ActiveCfg = Release|Any CPU
		{1DF74BBA-F2A5-4FE4-8B75-B67AA5C7F2A5}.Release|Any CPU.Build.0 = Release|Any CPU
		{9364D7A5-450C-4B76-923A-6418B24A61FD}.Debug|Any CPU.ActiveCfg = Debug|Any CPU
		{9364D7A5-450C-4B76-923A-6418B24A61FD}.Debug|Any CPU.Build.0 = Debug|Any CPU
		{9364D7A5-450C-4B76-923A-6418B24A61FD}.Release|Any CPU.ActiveCfg = Release|Any CPU
		{9364D7A5-450C-4B76-923A-6418B24A61FD}.Release|Any CPU.Build.0 = Release|Any CPU
		{F9395421-1DF7-481E-826E-38A1C0999B20}.Debug|Any CPU.ActiveCfg = Debug|Any CPU
		{F9395421-1DF7-481E-826E-38A1C0999B20}.Debug|Any CPU.Build.0 = Debug|Any CPU
		{F9395421-1DF7-481E-826E-38A1C0999B20}.Release|Any CPU.ActiveCfg = Release|Any CPU
		{F9395421-1DF7-481E-826E-38A1C0999B20}.Release|Any CPU.Build.0 = Release|Any CPU
		{C1F7B831-11F7-4813-8172-3032AB9A17CE}.Debug|Any CPU.ActiveCfg = Debug|Any CPU
		{C1F7B831-11F7-4813-8172-3032AB9A17CE}.Debug|Any CPU.Build.0 = Debug|Any CPU
		{C1F7B831-11F7-4813-8172-3032AB9A17CE}.Release|Any CPU.ActiveCfg = Release|Any CPU
		{C1F7B831-11F7-4813-8172-3032AB9A17CE}.Release|Any CPU.Build.0 = Release|Any CPU
		{F889000B-6C02-49D4-9E3D-F364C00B68C2}.Debug|Any CPU.ActiveCfg = Debug|Any CPU
		{F889000B-6C02-49D4-9E3D-F364C00B68C2}.Debug|Any CPU.Build.0 = Debug|Any CPU
		{F889000B-6C02-49D4-9E3D-F364C00B68C2}.Release|Any CPU.ActiveCfg = Release|Any CPU
		{F889000B-6C02-49D4-9E3D-F364C00B68C2}.Release|Any CPU.Build.0 = Release|Any CPU
		{1AAB9AED-6A53-4379-B797-A1F287E4E854}.Debug|Any CPU.ActiveCfg = Debug|Any CPU
		{1AAB9AED-6A53-4379-B797-A1F287E4E854}.Debug|Any CPU.Build.0 = Debug|Any CPU
		{1AAB9AED-6A53-4379-B797-A1F287E4E854}.Release|Any CPU.ActiveCfg = Release|Any CPU
		{1AAB9AED-6A53-4379-B797-A1F287E4E854}.Release|Any CPU.Build.0 = Release|Any CPU
		{BEF566BC-1591-4823-92E2-1CF19B06706D}.Debug|Any CPU.ActiveCfg = Debug|Any CPU
		{BEF566BC-1591-4823-92E2-1CF19B06706D}.Debug|Any CPU.Build.0 = Debug|Any CPU
		{BEF566BC-1591-4823-92E2-1CF19B06706D}.Release|Any CPU.ActiveCfg = Release|Any CPU
		{BEF566BC-1591-4823-92E2-1CF19B06706D}.Release|Any CPU.Build.0 = Release|Any CPU
		{CA36CD23-E50F-4DD0-BB37-A425CC22BAE9}.Debug|Any CPU.ActiveCfg = Debug|Any CPU
		{CA36CD23-E50F-4DD0-BB37-A425CC22BAE9}.Debug|Any CPU.Build.0 = Debug|Any CPU
		{CA36CD23-E50F-4DD0-BB37-A425CC22BAE9}.Release|Any CPU.ActiveCfg = Release|Any CPU
		{CA36CD23-E50F-4DD0-BB37-A425CC22BAE9}.Release|Any CPU.Build.0 = Release|Any CPU
	EndGlobalSection
	GlobalSection(SolutionProperties) = preSolution
		HideSolutionNode = FALSE
	EndGlobalSection
	GlobalSection(ExtensibilityGlobals) = postSolution
		SolutionGuid = {CC6FF09A-5B41-44C3-A744-43585FF685A4}
	EndGlobalSection
EndGlobal
