
Microsoft Visual Studio Solution File, Format Version 12.00
# Visual Studio Version 17
VisualStudioVersion = 17.1.32210.238
MinimumVisualStudioVersion = 10.0.40219.1
Project("{9A19103F-16F7-4668-BE54-9A1E7A4F7556}") = "Ch6Task1", "Ch6Task1\Ch6Task1.csproj", "{ECD72738-E13F-4688-915B-56E091FCADBE}"
EndProject
Project("{9A19103F-16F7-4668-BE54-9A1E7A4F7556}") = "ClassLibrary", "ClassLibrary\ClassLibrary.csproj", "{C475EA6E-4139-442B-919C-4D53CC1E6361}"
EndProject
Project("{9A19103F-16F7-4668-BE54-9A1E7A4F7556}") = "Ch6Task2", "Ch6Task2\Ch6Task2.csproj", "{2E666B6C-17B3-4C04-A61A-C466BEB34162}"
EndProject
Project("{9A19103F-16F7-4668-BE54-9A1E7A4F7556}") = "Ch6Task3", "Ch6Task3\Ch6Task3.csproj", "{8AC63F22-0802-4F3E-A223-33F4FD29E242}"
EndProject
Project("{9A19103F-16F7-4668-BE54-9A1E7A4F7556}") = "Ch6Task4", "Ch6Task4\Ch6Task4.csproj", "{56A92CCE-8543-4EE0-BF05-14F0B8867B06}"
EndProject
Project("{9A19103F-16F7-4668-BE54-9A1E7A4F7556}") = "Ch6Task5", "Ch6Task5\Ch6Task5.csproj", "{BF2DCF74-DB4A-4D69-86CD-98302805C626}"
EndProject
Project("{FAE04EC0-301F-11D3-BF4B-00C04F79EFBC}") = "Ch6Task6", "Ch6Task6\Ch6Task6.csproj", "{44987949-EF98-4FC6-B168-4F13951A5FA4}"
EndProject
Project("{FAE04EC0-301F-11D3-BF4B-00C04F79EFBC}") = "Ch6Task7", "Ch6Task7\Ch6Task7.csproj", "{7B7AA119-ED2C-4DE6-B03F-6B0BD3C94ABB}"
EndProject
Global
	GlobalSection(SolutionConfigurationPlatforms) = preSolution
		Debug|Any CPU = Debug|Any CPU
		Release|Any CPU = Release|Any CPU
	EndGlobalSection
	GlobalSection(ProjectConfigurationPlatforms) = postSolution
		{ECD72738-E13F-4688-915B-56E091FCADBE}.Debug|Any CPU.ActiveCfg = Debug|Any CPU
		{ECD72738-E13F-4688-915B-56E091FCADBE}.Debug|Any CPU.Build.0 = Debug|Any CPU
		{ECD72738-E13F-4688-915B-56E091FCADBE}.Release|Any CPU.ActiveCfg = Release|Any CPU
		{ECD72738-E13F-4688-915B-56E091FCADBE}.Release|Any CPU.Build.0 = Release|Any CPU
		{C475EA6E-4139-442B-919C-4D53CC1E6361}.Debug|Any CPU.ActiveCfg = Debug|Any CPU
		{C475EA6E-4139-442B-919C-4D53CC1E6361}.Debug|Any CPU.Build.0 = Debug|Any CPU
		{C475EA6E-4139-442B-919C-4D53CC1E6361}.Release|Any CPU.ActiveCfg = Release|Any CPU
		{C475EA6E-4139-442B-919C-4D53CC1E6361}.Release|Any CPU.Build.0 = Release|Any CPU
		{2E666B6C-17B3-4C04-A61A-C466BEB34162}.Debug|Any CPU.ActiveCfg = Debug|Any CPU
		{2E666B6C-17B3-4C04-A61A-C466BEB34162}.Debug|Any CPU.Build.0 = Debug|Any CPU
		{2E666B6C-17B3-4C04-A61A-C466BEB34162}.Release|Any CPU.ActiveCfg = Release|Any CPU
		{2E666B6C-17B3-4C04-A61A-C466BEB34162}.Release|Any CPU.Build.0 = Release|Any CPU
		{8AC63F22-0802-4F3E-A223-33F4FD29E242}.Debug|Any CPU.ActiveCfg = Debug|Any CPU
		{8AC63F22-0802-4F3E-A223-33F4FD29E242}.Debug|Any CPU.Build.0 = Debug|Any CPU
		{8AC63F22-0802-4F3E-A223-33F4FD29E242}.Release|Any CPU.ActiveCfg = Release|Any CPU
		{8AC63F22-0802-4F3E-A223-33F4FD29E242}.Release|Any CPU.Build.0 = Release|Any CPU
		{56A92CCE-8543-4EE0-BF05-14F0B8867B06}.Debug|Any CPU.ActiveCfg = Debug|Any CPU
		{56A92CCE-8543-4EE0-BF05-14F0B8867B06}.Debug|Any CPU.Build.0 = Debug|Any CPU
		{56A92CCE-8543-4EE0-BF05-14F0B8867B06}.Release|Any CPU.ActiveCfg = Release|Any CPU
		{56A92CCE-8543-4EE0-BF05-14F0B8867B06}.Release|Any CPU.Build.0 = Release|Any CPU
		{BF2DCF74-DB4A-4D69-86CD-98302805C626}.Debug|Any CPU.ActiveCfg = Debug|Any CPU
		{BF2DCF74-DB4A-4D69-86CD-98302805C626}.Debug|Any CPU.Build.0 = Debug|Any CPU
		{BF2DCF74-DB4A-4D69-86CD-98302805C626}.Release|Any CPU.ActiveCfg = Release|Any CPU
		{BF2DCF74-DB4A-4D69-86CD-98302805C626}.Release|Any CPU.Build.0 = Release|Any CPU
		{44987949-EF98-4FC6-B168-4F13951A5FA4}.Debug|Any CPU.ActiveCfg = Debug|Any CPU
		{44987949-EF98-4FC6-B168-4F13951A5FA4}.Debug|Any CPU.Build.0 = Debug|Any CPU
		{44987949-EF98-4FC6-B168-4F13951A5FA4}.Release|Any CPU.ActiveCfg = Release|Any CPU
		{44987949-EF98-4FC6-B168-4F13951A5FA4}.Release|Any CPU.Build.0 = Release|Any CPU
		{7B7AA119-ED2C-4DE6-B03F-6B0BD3C94ABB}.Debug|Any CPU.ActiveCfg = Debug|Any CPU
		{7B7AA119-ED2C-4DE6-B03F-6B0BD3C94ABB}.Debug|Any CPU.Build.0 = Debug|Any CPU
		{7B7AA119-ED2C-4DE6-B03F-6B0BD3C94ABB}.Release|Any CPU.ActiveCfg = Release|Any CPU
		{7B7AA119-ED2C-4DE6-B03F-6B0BD3C94ABB}.Release|Any CPU.Build.0 = Release|Any CPU
	EndGlobalSection
	GlobalSection(SolutionProperties) = preSolution
		HideSolutionNode = FALSE
	EndGlobalSection
	GlobalSection(ExtensibilityGlobals) = postSolution
		SolutionGuid = {0E31CF4C-FC7D-4D0A-B0CE-38DB45DF7CCD}
	EndGlobalSection
EndGlobal
