
Microsoft Visual Studio Solution File, Format Version 12.00
# Visual Studio Version 17
VisualStudioVersion = 17.1.32210.238
MinimumVisualStudioVersion = 10.0.40219.1
Project("{FAE04EC0-301F-11D3-BF4B-00C04F79EFBC}") = "Ch1Task1", "Ch1Task1\Ch1Task1.csproj", "{F6C28775-20EA-4E69-B91B-D368F52578D8}"
EndProject
Project("{FAE04EC0-301F-11D3-BF4B-00C04F79EFBC}") = "ClassLibrary", "ClassLibrary\ClassLibrary.csproj", "{597DDE23-7ED6-4ED7-93FB-69E4D4C376DB}"
EndProject
Project("{FAE04EC0-301F-11D3-BF4B-00C04F79EFBC}") = "Ch1Task2", "Ch1Task2\Ch1Task2.csproj", "{506711AD-E7BE-4FE5-90C7-781D57AAA5B1}"
EndProject
Project("{FAE04EC0-301F-11D3-BF4B-00C04F79EFBC}") = "Ch1Task3", "Ch1Task3\Ch1Task3.csproj", "{9DB68BAB-E19C-4BC7-9249-08DBE342251D}"
EndProject
Project("{FAE04EC0-301F-11D3-BF4B-00C04F79EFBC}") = "Ch1Task4", "Ch1Task4\Ch1Task4.csproj", "{DE42D63F-B565-4879-99C7-A017BD98EA02}"
EndProject
Project("{FAE04EC0-301F-11D3-BF4B-00C04F79EFBC}") = "Ch1Task5", "Ch1Task5\Ch1Task5.csproj", "{BCEE592C-F9D4-4428-9731-A79FB3B93AD9}"
EndProject
Project("{FAE04EC0-301F-11D3-BF4B-00C04F79EFBC}") = "Ch1Task6", "Ch1Task6\Ch1Task6.csproj", "{D78A70CD-3222-4615-9FDB-3E16B26495E6}"
EndProject
Project("{FAE04EC0-301F-11D3-BF4B-00C04F79EFBC}") = "Ch1Task7", "Ch1Task7\Ch1Task7.csproj", "{D63EF354-09BC-4242-B610-F42EEF212F75}"
EndProject
Global
	GlobalSection(SolutionConfigurationPlatforms) = preSolution
		Debug|Any CPU = Debug|Any CPU
		Release|Any CPU = Release|Any CPU
	EndGlobalSection
	GlobalSection(ProjectConfigurationPlatforms) = postSolution
		{F6C28775-20EA-4E69-B91B-D368F52578D8}.Debug|Any CPU.ActiveCfg = Debug|Any CPU
		{F6C28775-20EA-4E69-B91B-D368F52578D8}.Debug|Any CPU.Build.0 = Debug|Any CPU
		{F6C28775-20EA-4E69-B91B-D368F52578D8}.Release|Any CPU.ActiveCfg = Release|Any CPU
		{F6C28775-20EA-4E69-B91B-D368F52578D8}.Release|Any CPU.Build.0 = Release|Any CPU
		{597DDE23-7ED6-4ED7-93FB-69E4D4C376DB}.Debug|Any CPU.ActiveCfg = Debug|Any CPU
		{597DDE23-7ED6-4ED7-93FB-69E4D4C376DB}.Debug|Any CPU.Build.0 = Debug|Any CPU
		{597DDE23-7ED6-4ED7-93FB-69E4D4C376DB}.Release|Any CPU.ActiveCfg = Release|Any CPU
		{597DDE23-7ED6-4ED7-93FB-69E4D4C376DB}.Release|Any CPU.Build.0 = Release|Any CPU
		{506711AD-E7BE-4FE5-90C7-781D57AAA5B1}.Debug|Any CPU.ActiveCfg = Debug|Any CPU
		{506711AD-E7BE-4FE5-90C7-781D57AAA5B1}.Debug|Any CPU.Build.0 = Debug|Any CPU
		{506711AD-E7BE-4FE5-90C7-781D57AAA5B1}.Release|Any CPU.ActiveCfg = Release|Any CPU
		{506711AD-E7BE-4FE5-90C7-781D57AAA5B1}.Release|Any CPU.Build.0 = Release|Any CPU
		{9DB68BAB-E19C-4BC7-9249-08DBE342251D}.Debug|Any CPU.ActiveCfg = Debug|Any CPU
		{9DB68BAB-E19C-4BC7-9249-08DBE342251D}.Debug|Any CPU.Build.0 = Debug|Any CPU
		{9DB68BAB-E19C-4BC7-9249-08DBE342251D}.Release|Any CPU.ActiveCfg = Release|Any CPU
		{9DB68BAB-E19C-4BC7-9249-08DBE342251D}.Release|Any CPU.Build.0 = Release|Any CPU
		{DE42D63F-B565-4879-99C7-A017BD98EA02}.Debug|Any CPU.ActiveCfg = Debug|Any CPU
		{DE42D63F-B565-4879-99C7-A017BD98EA02}.Debug|Any CPU.Build.0 = Debug|Any CPU
		{DE42D63F-B565-4879-99C7-A017BD98EA02}.Release|Any CPU.ActiveCfg = Release|Any CPU
		{DE42D63F-B565-4879-99C7-A017BD98EA02}.Release|Any CPU.Build.0 = Release|Any CPU
		{BCEE592C-F9D4-4428-9731-A79FB3B93AD9}.Debug|Any CPU.ActiveCfg = Debug|Any CPU
		{BCEE592C-F9D4-4428-9731-A79FB3B93AD9}.Debug|Any CPU.Build.0 = Debug|Any CPU
		{BCEE592C-F9D4-4428-9731-A79FB3B93AD9}.Release|Any CPU.ActiveCfg = Release|Any CPU
		{BCEE592C-F9D4-4428-9731-A79FB3B93AD9}.Release|Any CPU.Build.0 = Release|Any CPU
		{D78A70CD-3222-4615-9FDB-3E16B26495E6}.Debug|Any CPU.ActiveCfg = Debug|Any CPU
		{D78A70CD-3222-4615-9FDB-3E16B26495E6}.Debug|Any CPU.Build.0 = Debug|Any CPU
		{D78A70CD-3222-4615-9FDB-3E16B26495E6}.Release|Any CPU.ActiveCfg = Release|Any CPU
		{D78A70CD-3222-4615-9FDB-3E16B26495E6}.Release|Any CPU.Build.0 = Release|Any CPU
		{D63EF354-09BC-4242-B610-F42EEF212F75}.Debug|Any CPU.ActiveCfg = Debug|Any CPU
		{D63EF354-09BC-4242-B610-F42EEF212F75}.Debug|Any CPU.Build.0 = Debug|Any CPU
		{D63EF354-09BC-4242-B610-F42EEF212F75}.Release|Any CPU.ActiveCfg = Release|Any CPU
		{D63EF354-09BC-4242-B610-F42EEF212F75}.Release|Any CPU.Build.0 = Release|Any CPU
	EndGlobalSection
	GlobalSection(SolutionProperties) = preSolution
		HideSolutionNode = FALSE
	EndGlobalSection
	GlobalSection(ExtensibilityGlobals) = postSolution
		SolutionGuid = {6D710DE5-3AD0-4895-8FAC-4D484CF14621}
	EndGlobalSection
EndGlobal
