
Microsoft Visual Studio Solution File, Format Version 12.00
# Visual Studio Version 17
VisualStudioVersion = 17.1.32210.238
MinimumVisualStudioVersion = 10.0.40219.1
Project("{FAE04EC0-301F-11D3-BF4B-00C04F79EFBC}") = "Ch6Task1", "Ch6Task1\Ch6Task1.csproj", "{458E2506-138D-44BE-8624-6C895E35048C}"
EndProject
Project("{FAE04EC0-301F-11D3-BF4B-00C04F79EFBC}") = "ClassLibrary", "ClassLibrary\ClassLibrary.csproj", "{B0CEBA8C-495C-4471-9FA9-67BAB0160EA8}"
EndProject
Project("{FAE04EC0-301F-11D3-BF4B-00C04F79EFBC}") = "Ch6Task2", "Ch6Task2\Ch6Task2.csproj", "{DC1FBA1A-0714-4252-931D-F5BFC4E61700}"
EndProject
Project("{FAE04EC0-301F-11D3-BF4B-00C04F79EFBC}") = "Ch6Task3", "Ch6Task3\Ch6Task3.csproj", "{D2EFEFB2-2356-48E0-A8D9-57A34B4EB831}"
EndProject
Project("{FAE04EC0-301F-11D3-BF4B-00C04F79EFBC}") = "Ch6Task4", "Ch6Task4\Ch6Task4.csproj", "{5D4E1165-5141-4568-AC9F-59AE677D9EF8}"
EndProject
Project("{FAE04EC0-301F-11D3-BF4B-00C04F79EFBC}") = "Ch6Task5", "Ch6Task5\Ch6Task5.csproj", "{2CD5D8E5-37BA-4B17-B5F9-97162B79F14C}"
EndProject
Project("{FAE04EC0-301F-11D3-BF4B-00C04F79EFBC}") = "Ch6Task6", "Ch6Task6\Ch6Task6.csproj", "{5E6A6F49-AA4F-4EAC-AAA3-F9CCD005F2E6}"
EndProject
Project("{FAE04EC0-301F-11D3-BF4B-00C04F79EFBC}") = "Ch6Task7", "Ch6Task7\Ch6Task7.csproj", "{CA9BB4B3-417B-40A5-90DE-9A94FD0A0B1B}"
EndProject
Global
	GlobalSection(SolutionConfigurationPlatforms) = preSolution
		Debug|Any CPU = Debug|Any CPU
		Release|Any CPU = Release|Any CPU
	EndGlobalSection
	GlobalSection(ProjectConfigurationPlatforms) = postSolution
		{458E2506-138D-44BE-8624-6C895E35048C}.Debug|Any CPU.ActiveCfg = Debug|Any CPU
		{458E2506-138D-44BE-8624-6C895E35048C}.Debug|Any CPU.Build.0 = Debug|Any CPU
		{458E2506-138D-44BE-8624-6C895E35048C}.Release|Any CPU.ActiveCfg = Release|Any CPU
		{458E2506-138D-44BE-8624-6C895E35048C}.Release|Any CPU.Build.0 = Release|Any CPU
		{B0CEBA8C-495C-4471-9FA9-67BAB0160EA8}.Debug|Any CPU.ActiveCfg = Debug|Any CPU
		{B0CEBA8C-495C-4471-9FA9-67BAB0160EA8}.Debug|Any CPU.Build.0 = Debug|Any CPU
		{B0CEBA8C-495C-4471-9FA9-67BAB0160EA8}.Release|Any CPU.ActiveCfg = Release|Any CPU
		{B0CEBA8C-495C-4471-9FA9-67BAB0160EA8}.Release|Any CPU.Build.0 = Release|Any CPU
		{DC1FBA1A-0714-4252-931D-F5BFC4E61700}.Debug|Any CPU.ActiveCfg = Debug|Any CPU
		{DC1FBA1A-0714-4252-931D-F5BFC4E61700}.Debug|Any CPU.Build.0 = Debug|Any CPU
		{DC1FBA1A-0714-4252-931D-F5BFC4E61700}.Release|Any CPU.ActiveCfg = Release|Any CPU
		{DC1FBA1A-0714-4252-931D-F5BFC4E61700}.Release|Any CPU.Build.0 = Release|Any CPU
		{D2EFEFB2-2356-48E0-A8D9-57A34B4EB831}.Debug|Any CPU.ActiveCfg = Debug|Any CPU
		{D2EFEFB2-2356-48E0-A8D9-57A34B4EB831}.Debug|Any CPU.Build.0 = Debug|Any CPU
		{D2EFEFB2-2356-48E0-A8D9-57A34B4EB831}.Release|Any CPU.ActiveCfg = Release|Any CPU
		{D2EFEFB2-2356-48E0-A8D9-57A34B4EB831}.Release|Any CPU.Build.0 = Release|Any CPU
		{5D4E1165-5141-4568-AC9F-59AE677D9EF8}.Debug|Any CPU.ActiveCfg = Debug|Any CPU
		{5D4E1165-5141-4568-AC9F-59AE677D9EF8}.Debug|Any CPU.Build.0 = Debug|Any CPU
		{5D4E1165-5141-4568-AC9F-59AE677D9EF8}.Release|Any CPU.ActiveCfg = Release|Any CPU
		{5D4E1165-5141-4568-AC9F-59AE677D9EF8}.Release|Any CPU.Build.0 = Release|Any CPU
		{2CD5D8E5-37BA-4B17-B5F9-97162B79F14C}.Debug|Any CPU.ActiveCfg = Debug|Any CPU
		{2CD5D8E5-37BA-4B17-B5F9-97162B79F14C}.Debug|Any CPU.Build.0 = Debug|Any CPU
		{2CD5D8E5-37BA-4B17-B5F9-97162B79F14C}.Release|Any CPU.ActiveCfg = Release|Any CPU
		{2CD5D8E5-37BA-4B17-B5F9-97162B79F14C}.Release|Any CPU.Build.0 = Release|Any CPU
		{5E6A6F49-AA4F-4EAC-AAA3-F9CCD005F2E6}.Debug|Any CPU.ActiveCfg = Debug|Any CPU
		{5E6A6F49-AA4F-4EAC-AAA3-F9CCD005F2E6}.Debug|Any CPU.Build.0 = Debug|Any CPU
		{5E6A6F49-AA4F-4EAC-AAA3-F9CCD005F2E6}.Release|Any CPU.ActiveCfg = Release|Any CPU
		{5E6A6F49-AA4F-4EAC-AAA3-F9CCD005F2E6}.Release|Any CPU.Build.0 = Release|Any CPU
		{CA9BB4B3-417B-40A5-90DE-9A94FD0A0B1B}.Debug|Any CPU.ActiveCfg = Debug|Any CPU
		{CA9BB4B3-417B-40A5-90DE-9A94FD0A0B1B}.Debug|Any CPU.Build.0 = Debug|Any CPU
		{CA9BB4B3-417B-40A5-90DE-9A94FD0A0B1B}.Release|Any CPU.ActiveCfg = Release|Any CPU
		{CA9BB4B3-417B-40A5-90DE-9A94FD0A0B1B}.Release|Any CPU.Build.0 = Release|Any CPU
	EndGlobalSection
	GlobalSection(SolutionProperties) = preSolution
		HideSolutionNode = FALSE
	EndGlobalSection
	GlobalSection(ExtensibilityGlobals) = postSolution
		SolutionGuid = {36203E29-98EE-4A91-9E0A-9739F40B8C7E}
	EndGlobalSection
EndGlobal
