
Microsoft Visual Studio Solution File, Format Version 12.00
# Visual Studio Version 17
VisualStudioVersion = 17.1.32210.238
MinimumVisualStudioVersion = 10.0.40219.1
Project("{FAE04EC0-301F-11D3-BF4B-00C04F79EFBC}") = "Study.Projects.Ch3Task1", "Study.Projects.Ch3Task1.csproj", "{66C441AA-5D98-450C-B7E9-39924587074B}"
EndProject
Project("{FAE04EC0-301F-11D3-BF4B-00C04F79EFBC}") = "Study.Projects.Ch3Task2", "..\Study.Projects.Ch3Task2\Study.Projects.Ch3Task2.csproj", "{7BDD1EA6-0D1A-465B-8D04-E05D461DAEA5}"
EndProject
Project("{FAE04EC0-301F-11D3-BF4B-00C04F79EFBC}") = "Study.Projects.Ch3Task3", "..\Study.Projects.Ch3Task3\Study.Projects.Ch3Task3.csproj", "{7D25EF3B-B447-442B-A6F7-5E2C09112439}"
EndProject
Project("{FAE04EC0-301F-11D3-BF4B-00C04F79EFBC}") = "Study.Projects.Ch3Task4", "..\Study.Project.Ch3Task4\Study.Projects.Ch3Task4.csproj", "{D62210D1-AFC5-4216-806E-DDA41B00DB05}"
EndProject
Project("{FAE04EC0-301F-11D3-BF4B-00C04F79EFBC}") = "Study.Projects.Ch3Task4Simplified", "..\Study.Projects.Ch3Task4Simplified\Study.Projects.Ch3Task4Simplified.csproj", "{2C5381DF-3D01-4B10-934B-3BE7623B21DE}"
EndProject
Global
	GlobalSection(SolutionConfigurationPlatforms) = preSolution
		Debug|Any CPU = Debug|Any CPU
		Release|Any CPU = Release|Any CPU
	EndGlobalSection
	GlobalSection(ProjectConfigurationPlatforms) = postSolution
		{66C441AA-5D98-450C-B7E9-39924587074B}.Debug|Any CPU.ActiveCfg = Debug|Any CPU
		{66C441AA-5D98-450C-B7E9-39924587074B}.Debug|Any CPU.Build.0 = Debug|Any CPU
		{66C441AA-5D98-450C-B7E9-39924587074B}.Release|Any CPU.ActiveCfg = Release|Any CPU
		{66C441AA-5D98-450C-B7E9-39924587074B}.Release|Any CPU.Build.0 = Release|Any CPU
		{7BDD1EA6-0D1A-465B-8D04-E05D461DAEA5}.Debug|Any CPU.ActiveCfg = Debug|Any CPU
		{7BDD1EA6-0D1A-465B-8D04-E05D461DAEA5}.Debug|Any CPU.Build.0 = Debug|Any CPU
		{7BDD1EA6-0D1A-465B-8D04-E05D461DAEA5}.Release|Any CPU.ActiveCfg = Release|Any CPU
		{7BDD1EA6-0D1A-465B-8D04-E05D461DAEA5}.Release|Any CPU.Build.0 = Release|Any CPU
		{7D25EF3B-B447-442B-A6F7-5E2C09112439}.Debug|Any CPU.ActiveCfg = Debug|Any CPU
		{7D25EF3B-B447-442B-A6F7-5E2C09112439}.Debug|Any CPU.Build.0 = Debug|Any CPU
		{7D25EF3B-B447-442B-A6F7-5E2C09112439}.Release|Any CPU.ActiveCfg = Release|Any CPU
		{7D25EF3B-B447-442B-A6F7-5E2C09112439}.Release|Any CPU.Build.0 = Release|Any CPU
		{D62210D1-AFC5-4216-806E-DDA41B00DB05}.Debug|Any CPU.ActiveCfg = Debug|Any CPU
		{D62210D1-AFC5-4216-806E-DDA41B00DB05}.Debug|Any CPU.Build.0 = Debug|Any CPU
		{D62210D1-AFC5-4216-806E-DDA41B00DB05}.Release|Any CPU.ActiveCfg = Release|Any CPU
		{D62210D1-AFC5-4216-806E-DDA41B00DB05}.Release|Any CPU.Build.0 = Release|Any CPU
		{2C5381DF-3D01-4B10-934B-3BE7623B21DE}.Debug|Any CPU.ActiveCfg = Debug|Any CPU
		{2C5381DF-3D01-4B10-934B-3BE7623B21DE}.Debug|Any CPU.Build.0 = Debug|Any CPU
		{2C5381DF-3D01-4B10-934B-3BE7623B21DE}.Release|Any CPU.ActiveCfg = Release|Any CPU
		{2C5381DF-3D01-4B10-934B-3BE7623B21DE}.Release|Any CPU.Build.0 = Release|Any CPU
	EndGlobalSection
	GlobalSection(SolutionProperties) = preSolution
		HideSolutionNode = FALSE
	EndGlobalSection
	GlobalSection(ExtensibilityGlobals) = postSolution
		SolutionGuid = {2E23DE5F-7FFB-4E6E-8CDB-D5B94543ABB7}
	EndGlobalSection
EndGlobal
