
Microsoft Visual Studio Solution File, Format Version 12.00
# Visual Studio Version 17
VisualStudioVersion = 17.1.32210.238
MinimumVisualStudioVersion = 10.0.40219.1
Project("{FAE04EC0-301F-11D3-BF4B-00C04F79EFBC}") = "Study.Projects.Ch3Tasks", "Study.Projects.Ch3Tasks.csproj", "{66C441AA-5D98-450C-B7E9-39924587074B}"
EndProject
Global
	GlobalSection(SolutionConfigurationPlatforms) = preSolution
		Debug|Any CPU = Debug|Any CPU
		Release|Any CPU = Release|Any CPU
	EndGlobalSection
	GlobalSection(ProjectConfigurationPlatforms) = postSolution
		{66C441AA-5D98-450C-B7E9-39924587074B}.Debug|Any CPU.ActiveCfg = Debug|Any CPU
		{66C441AA-5D98-450C-B7E9-39924587074B}.Debug|Any CPU.Build.0 = Debug|Any CPU
		{66C441AA-5D98-450C-B7E9-39924587074B}.Release|Any CPU.ActiveCfg = Release|Any CPU
		{66C441AA-5D98-450C-B7E9-39924587074B}.Release|Any CPU.Build.0 = Release|Any CPU
	EndGlobalSection
	GlobalSection(SolutionProperties) = preSolution
		HideSolutionNode = FALSE
	EndGlobalSection
	GlobalSection(ExtensibilityGlobals) = postSolution
		SolutionGuid = {2E23DE5F-7FFB-4E6E-8CDB-D5B94543ABB7}
	EndGlobalSection
EndGlobal
