
Microsoft Visual Studio Solution File, Format Version 12.00
# Visual Studio Version 17
VisualStudioVersion = 17.1.32210.238
MinimumVisualStudioVersion = 10.0.40219.1
Project("{FAE04EC0-301F-11D3-BF4B-00C04F79EFBC}") = "Ch4Task1", "Ch4Task1\Ch4Task1.csproj", "{C009F7EA-5E18-4EB2-A658-4D113F894535}"
EndProject
Project("{FAE04EC0-301F-11D3-BF4B-00C04F79EFBC}") = "Ch4Task2", "Ch4Task2\Ch4Task2.csproj", "{49CE2F04-A3F8-467E-8ACE-F5E6F1C391CC}"
EndProject
Project("{FAE04EC0-301F-11D3-BF4B-00C04F79EFBC}") = "Ch4Task3", "Ch4Task3\Ch4Task3.csproj", "{05875AD3-4EAB-4FED-8DD8-C8352663F970}"
EndProject
Project("{FAE04EC0-301F-11D3-BF4B-00C04F79EFBC}") = "Ch4Task4", "Ch4Task4\Ch4Task4.csproj", "{C3B8F449-C0FB-45F8-B273-30E825F4F48E}"
EndProject
Project("{FAE04EC0-301F-11D3-BF4B-00C04F79EFBC}") = "Ch4Task5", "Ch4Task5\Ch4Task5.csproj", "{A4C9B270-6077-4ED4-B3C7-C7D76E909309}"
EndProject
Global
	GlobalSection(SolutionConfigurationPlatforms) = preSolution
		Debug|Any CPU = Debug|Any CPU
		Release|Any CPU = Release|Any CPU
	EndGlobalSection
	GlobalSection(ProjectConfigurationPlatforms) = postSolution
		{C009F7EA-5E18-4EB2-A658-4D113F894535}.Debug|Any CPU.ActiveCfg = Debug|Any CPU
		{C009F7EA-5E18-4EB2-A658-4D113F894535}.Debug|Any CPU.Build.0 = Debug|Any CPU
		{C009F7EA-5E18-4EB2-A658-4D113F894535}.Release|Any CPU.ActiveCfg = Release|Any CPU
		{C009F7EA-5E18-4EB2-A658-4D113F894535}.Release|Any CPU.Build.0 = Release|Any CPU
		{49CE2F04-A3F8-467E-8ACE-F5E6F1C391CC}.Debug|Any CPU.ActiveCfg = Debug|Any CPU
		{49CE2F04-A3F8-467E-8ACE-F5E6F1C391CC}.Debug|Any CPU.Build.0 = Debug|Any CPU
		{49CE2F04-A3F8-467E-8ACE-F5E6F1C391CC}.Release|Any CPU.ActiveCfg = Release|Any CPU
		{49CE2F04-A3F8-467E-8ACE-F5E6F1C391CC}.Release|Any CPU.Build.0 = Release|Any CPU
		{05875AD3-4EAB-4FED-8DD8-C8352663F970}.Debug|Any CPU.ActiveCfg = Debug|Any CPU
		{05875AD3-4EAB-4FED-8DD8-C8352663F970}.Debug|Any CPU.Build.0 = Debug|Any CPU
		{05875AD3-4EAB-4FED-8DD8-C8352663F970}.Release|Any CPU.ActiveCfg = Release|Any CPU
		{05875AD3-4EAB-4FED-8DD8-C8352663F970}.Release|Any CPU.Build.0 = Release|Any CPU
		{C3B8F449-C0FB-45F8-B273-30E825F4F48E}.Debug|Any CPU.ActiveCfg = Debug|Any CPU
		{C3B8F449-C0FB-45F8-B273-30E825F4F48E}.Debug|Any CPU.Build.0 = Debug|Any CPU
		{C3B8F449-C0FB-45F8-B273-30E825F4F48E}.Release|Any CPU.ActiveCfg = Release|Any CPU
		{C3B8F449-C0FB-45F8-B273-30E825F4F48E}.Release|Any CPU.Build.0 = Release|Any CPU
		{A4C9B270-6077-4ED4-B3C7-C7D76E909309}.Debug|Any CPU.ActiveCfg = Debug|Any CPU
		{A4C9B270-6077-4ED4-B3C7-C7D76E909309}.Debug|Any CPU.Build.0 = Debug|Any CPU
		{A4C9B270-6077-4ED4-B3C7-C7D76E909309}.Release|Any CPU.ActiveCfg = Release|Any CPU
		{A4C9B270-6077-4ED4-B3C7-C7D76E909309}.Release|Any CPU.Build.0 = Release|Any CPU
	EndGlobalSection
	GlobalSection(SolutionProperties) = preSolution
		HideSolutionNode = FALSE
	EndGlobalSection
	GlobalSection(ExtensibilityGlobals) = postSolution
		SolutionGuid = {94C422AC-8BEA-47E7-B277-327C765E5FA1}
	EndGlobalSection
EndGlobal
